
Microsoft Visual Studio Solution File, Format Version 12.00
# Visual Studio 2013
VisualStudioVersion = 12.0.30501.0
MinimumVisualStudioVersion = 10.0.40219.1
Project("{FAE04EC0-301F-11D3-BF4B-00C04F79EFBC}") = "JSGameIDE", "JSGameIDE\JSGameIDE.csproj", "{D447EEFF-D328-446A-B2E7-D75B1C5440BD}"
EndProject
Global
	GlobalSection(SolutionConfigurationPlatforms) = preSolution
		Debug|Any CPU = Debug|Any CPU
		Release|Any CPU = Release|Any CPU
	EndGlobalSection
	GlobalSection(ProjectConfigurationPlatforms) = postSolution
		{D447EEFF-D328-446A-B2E7-D75B1C5440BD}.Debug|Any CPU.ActiveCfg = Debug|Any CPU
		{D447EEFF-D328-446A-B2E7-D75B1C5440BD}.Debug|Any CPU.Build.0 = Debug|Any CPU
		{D447EEFF-D328-446A-B2E7-D75B1C5440BD}.Release|Any CPU.ActiveCfg = Release|Any CPU
		{D447EEFF-D328-446A-B2E7-D75B1C5440BD}.Release|Any CPU.Build.0 = Release|Any CPU
	EndGlobalSection
	GlobalSection(SolutionProperties) = preSolution
		HideSolutionNode = FALSE
	EndGlobalSection
EndGlobal
